<?xml version="1.0" encoding="utf-8"?>
<Project ToolsVersion="4.0" xmlns="http://schemas.microsoft.com/developer/msbuild/2003">
  <ItemGroup>
    <ImageContentTask Include="Assets\sprite\dummy.png" />
  </ItemGroup>
  <ItemGroup>
    <ClCompile Include="Enemy.cpp" />
    <ClCompile Include="Game.cpp" />
    <ClCompile Include="main.cpp" />
    <ClCompile Include="stdafx.cpp" />
  </ItemGroup>
  <ItemGroup>
    <MeshContentTask Include="Assets\modelData\hospital.FBX" />
    <MeshContentTask Include="Assets\modelData\Enemy.FBX" />
    <MeshContentTask Include="Assets\modelData\unityChan.fbx" />
  </ItemGroup>
  <ItemGroup>
    <ClInclude Include="Enemy.h" />
    <ClInclude Include="Game.h" />
    <CLInclude Include="resource.h" />
    <ClInclude Include="stdafx.h" />
  </ItemGroup>
  <ItemGroup>
    <ResourceCompile Include="Game.rc" />
  </ItemGroup>
  <ItemGroup>
    <Media Include="Assets\sound\pushSound.wav" />
  </ItemGroup>
  <ItemGroup>
    <None Include="Assets\effect\blood.efk" />
  </ItemGroup>
</Project>