<?xml version="1.0" encoding="utf-8"?>
<Project ToolsVersion="4.0" xmlns="http://schemas.microsoft.com/developer/msbuild/2003">
  <ItemGroup>
    <ImageContentTask Include="Assets\sprite\dummy.png" />
    <ImageContentTask Include="Assets\sprite\maou taitoru.png" />
    <ImageContentTask Include="Assets\sprite\gameClear.png" />
    <ImageContentTask Include="Assets\sprite\geezi1.png" />
    <ImageContentTask Include="Assets\sprite\geezi2.png" />
    <ImageContentTask Include="Assets\sprite\GameOver.png" />
    <ImageContentTask Include="Assets\sprite\famima.png" />
    <ImageContentTask Include="Assets\sprite\famima ao tobira hidari.png" />
    <ImageContentTask Include="Assets\sprite\famima ao tobira migi.png" />
    <ImageContentTask Include="Assets\sprite\famima ao tobira waku.png" />
    <ImageContentTask Include="Assets\sprite\famima ao tobira.png" />
    <ImageContentTask Include="Assets\sprite\famima ao.png" />
  </ItemGroup>
  <ItemGroup>
    <ClCompile Include="BackGround.cpp" />
    <ClCompile Include="Door.cpp" />
    <ClCompile Include="Effect.cpp" />
    <ClCompile Include="Enemy.cpp" />
    <ClCompile Include="Enemy2.cpp" />
    <ClCompile Include="EnemyGenerator.cpp" />
    <ClCompile Include="Game.cpp" />
    <ClCompile Include="GameClear.cpp" />
    <ClCompile Include="Geezi.cpp" />
    <ClCompile Include="main.cpp" />
    <ClCompile Include="result.cpp" />
    <ClCompile Include="stdafx.cpp" />
    <ClCompile Include="Titlescene.cpp" />
  </ItemGroup>
  <ItemGroup>
    <MeshContentTask Include="Assets\modelData\Door2.FBX" />
    <MeshContentTask Include="Assets\modelData\Enemy2.FBX" />
    <MeshContentTask Include="Assets\modelData\haikei.FBX" />
    <MeshContentTask Include="Assets\modelData\hospital.FBX" />
    <MeshContentTask Include="Assets\modelData\sirusi.FBX" />
    <MeshContentTask Include="Assets\modelData\unityChan.fbx" />
  </ItemGroup>
  <ItemGroup>
    <ClInclude Include="BackGround.h" />
    <ClInclude Include="Door.h" />
    <ClInclude Include="Effect.h" />
    <ClInclude Include="Enemy.h" />
    <ClInclude Include="Enemy2.h" />
    <ClInclude Include="EnemyGenerator.h" />
    <ClInclude Include="Game.h" />
    <ClInclude Include="GameClear.h" />
    <ClInclude Include="Geezi.h" />
    <CLInclude Include="resource.h" />
    <ClInclude Include="result.h" />
    <ClInclude Include="stdafx.h" />
    <ClInclude Include="Titlescene.h" />
  </ItemGroup>
  <ItemGroup>
    <ResourceCompile Include="Game.rc" />
  </ItemGroup>
  <ItemGroup>
    <Media Include="Assets\sound\famima2.wav" />
    <Media Include="Assets\sound\mens-yeah1.wav" />
    <Media Include="Assets\sound\tin1.wav" />
    <Media Include="Assets\sound\【高音質】ファミリーマート入店音.wav" />
  </ItemGroup>
  <ItemGroup>
    <Image Include="Assets\sprite\famima ao tobira hikakin.png" />
  </ItemGroup>
</Project>