<?xml version="1.0" encoding="utf-8"?>
<Project ToolsVersion="4.0" xmlns:atg="http://atg.xbox.com" xmlns="http://schemas.microsoft.com/developer/msbuild/2003">
  <ItemGroup>
    <Filter Include="Assets">
      <UniqueIdentifier>{ed0b04a6-fecd-4a2c-a462-59a8f4639f36}</UniqueIdentifier>
    </Filter>
    <Filter Include="Resource Files">
      <UniqueIdentifier>{8e114980-c1a3-4ada-ad7c-83caadf5daeb}</UniqueIdentifier>
      <Extensions>rc;ico;cur;bmp;dlg;rc2;rct;bin;rgs;gif;jpg;jpeg;jpe</Extensions>
    </Filter>
    <Filter Include="Assets\modelData">
      <UniqueIdentifier>{06086914-6aa4-4cad-9b07-6f9d357f04df}</UniqueIdentifier>
    </Filter>
    <Filter Include="Assets\sprite">
      <UniqueIdentifier>{a6ce300a-b532-440d-b914-b4661d3015ad}</UniqueIdentifier>
    </Filter>
    <Filter Include="Assets\sound">
      <UniqueIdentifier>{24aaa9d6-958b-489b-b09d-bc0389ac041f}</UniqueIdentifier>
    </Filter>
  </ItemGroup>
  <ItemGroup>
    <ClCompile Include="main.cpp" />
    <ClCompile Include="stdafx.cpp" />
    <ClCompile Include="Game.cpp" />
    <ClCompile Include="Enemy.cpp" />
    <ClCompile Include="Titlescene.cpp" />
    <ClCompile Include="Door.cpp" />
    <ClCompile Include="BackGround.cpp" />
    <ClCompile Include="Enemy2.cpp" />
    <ClCompile Include="Geezi.cpp" />
    <ClCompile Include="result.cpp" />
  </ItemGroup>
  <ItemGroup>
    <CLInclude Include="resource.h">
      <Filter>Resource Files</Filter>
    </CLInclude>
    <ClInclude Include="stdafx.h" />
    <ClInclude Include="Game.h" />
    <ClInclude Include="Enemy.h" />
    <ClInclude Include="Titlescene.h" />
    <ClInclude Include="Door.h" />
    <ClInclude Include="BackGround.h" />
    <ClInclude Include="Enemy2.h" />
    <ClInclude Include="Geezi.h" />
    <ClInclude Include="result.h" />
  </ItemGroup>
  <ItemGroup>
    <ResourceCompile Include="Game.rc">
      <Filter>Resource Files</Filter>
    </ResourceCompile>
  </ItemGroup>
  <ItemGroup>
    <MeshContentTask Include="Assets\modelData\unityChan.fbx">
      <Filter>Assets\modelData</Filter>
    </MeshContentTask>
    <MeshContentTask Include="Assets\modelData\hospital.FBX">
      <Filter>Assets\modelData</Filter>
    </MeshContentTask>
    <MeshContentTask Include="Assets\modelData\Door2.FBX" />
    <MeshContentTask Include="Assets\modelData\sirusi.FBX">
      <Filter>Assets\modelData</Filter>
    </MeshContentTask>
    <MeshContentTask Include="Assets\modelData\Enemy.FBX" />
  </ItemGroup>
  <ItemGroup>
    <ImageContentTask Include="Assets\sprite\dummy.png">
      <Filter>Assets\sprite</Filter>
    </ImageContentTask>
    <ImageContentTask Include="Assets\sprite\maou taitoru.png">
      <Filter>Assets\sprite</Filter>
    </ImageContentTask>
    <ImageContentTask Include="Assets\sprite\gameClear.png" />
    <ImageContentTask Include="Assets\sprite\geezi1.png">
      <Filter>Assets\sprite</Filter>
    </ImageContentTask>
    <ImageContentTask Include="Assets\sprite\geezi2.png">
      <Filter>Assets\sprite</Filter>
    </ImageContentTask>
    <ImageContentTask Include="Assets\sprite\GameOver.png">
      <Filter>Assets\sprite</Filter>
    </ImageContentTask>
  </ItemGroup>
  <ItemGroup>
    <Media Include="Assets\sound\tin1.wav">
      <Filter>Assets\sound</Filter>
    </Media>
    <Media Include="Assets\sound\mens-yeah1.wav">
      <Filter>Assets\sound</Filter>
    </Media>
    <Media Include="Assets\sound\【高音質】ファミリーマート入店音.wav">
      <Filter>Assets\sound</Filter>
    </Media>
    <Media Include="Assets\sound\famima2.wav">
      <Filter>Assets\sound</Filter>
    </Media>
  </ItemGroup>
  <ItemGroup>
    <Filter Include="Assets">
      <UniqueIdentifier>{a7b51687-d3ac-488f-a5ae-517dbbf3bf1e}</UniqueIdentifier>
    </Filter>
  </ItemGroup>
  <ItemGroup>
    <Image Include="Assets\sprite\famima ao.png" />
    <Image Include="Assets\sprite\famima ao tobira waku.png" />
    <Image Include="Assets\sprite\famima ao tobira.png" />
    <Image Include="Assets\sprite\famima ao tobira hidari.png" />
    <Image Include="Assets\sprite\famima ao tobira migi.png" />
  </ItemGroup>
</Project>